
Microsoft Visual Studio Solution File, Format Version 12.00
# Visual Studio Version 17
VisualStudioVersion = 17.4.33122.133
MinimumVisualStudioVersion = 10.0.40219.1
Project("{9A19103F-16F7-4668-BE54-9A1E7A4F7556}") = "ExpenseManagerAPI", "ExpenseManagerAPI.csproj", "{C7937FD5-E5CB-4104-A590-0B80C9927666}"
EndProject
Global
	GlobalSection(SolutionConfigurationPlatforms) = preSolution
		Debug|Any CPU = Debug|Any CPU
		Release|Any CPU = Release|Any CPU
	EndGlobalSection
	GlobalSection(ProjectConfigurationPlatforms) = postSolution
		{C7937FD5-E5CB-4104-A590-0B80C9927666}.Debug|Any CPU.ActiveCfg = Debug|Any CPU
		{C7937FD5-E5CB-4104-A590-0B80C9927666}.Debug|Any CPU.Build.0 = Debug|Any CPU
		{C7937FD5-E5CB-4104-A590-0B80C9927666}.Release|Any CPU.ActiveCfg = Release|Any CPU
		{C7937FD5-E5CB-4104-A590-0B80C9927666}.Release|Any CPU.Build.0 = Release|Any CPU
	EndGlobalSection
	GlobalSection(SolutionProperties) = preSolution
		HideSolutionNode = FALSE
	EndGlobalSection
	GlobalSection(ExtensibilityGlobals) = postSolution
		SolutionGuid = {C4911EA7-8FE5-42A0-AFE2-39DFEAE7FA8F}
	EndGlobalSection
EndGlobal
